
Microsoft Visual Studio Solution File, Format Version 12.00
# Visual Studio 15
VisualStudioVersion = 15.0.28307.1062
MinimumVisualStudioVersion = 10.0.40219.1
Project("{9A19103F-16F7-4668-BE54-9A1E7A4F7556}") = "ApiCore", "ApiCore\ApiCore.csproj", "{D2D78197-2026-49F6-A937-C518EA8A993C}"
EndProject
Project("{FAE04EC0-301F-11D3-BF4B-00C04F79EFBC}") = "AppCore.Business", "AppCore.Business\AppCore.Business.csproj", "{3EE2CBD8-3896-450A-97F2-7D1E7702560E}"
EndProject
Project("{FAE04EC0-301F-11D3-BF4B-00C04F79EFBC}") = "Models", "Models\Models.csproj", "{58A1C366-4E1F-43B4-A2ED-346AEFFB0246}"
EndProject
Global
	GlobalSection(SolutionConfigurationPlatforms) = preSolution
		Debug|Any CPU = Debug|Any CPU
		Release|Any CPU = Release|Any CPU
	EndGlobalSection
	GlobalSection(ProjectConfigurationPlatforms) = postSolution
		{D2D78197-2026-49F6-A937-C518EA8A993C}.Debug|Any CPU.ActiveCfg = Debug|Any CPU
		{D2D78197-2026-49F6-A937-C518EA8A993C}.Debug|Any CPU.Build.0 = Debug|Any CPU
		{D2D78197-2026-49F6-A937-C518EA8A993C}.Release|Any CPU.ActiveCfg = Release|Any CPU
		{D2D78197-2026-49F6-A937-C518EA8A993C}.Release|Any CPU.Build.0 = Release|Any CPU
		{3EE2CBD8-3896-450A-97F2-7D1E7702560E}.Debug|Any CPU.ActiveCfg = Debug|Any CPU
		{3EE2CBD8-3896-450A-97F2-7D1E7702560E}.Debug|Any CPU.Build.0 = Debug|Any CPU
		{3EE2CBD8-3896-450A-97F2-7D1E7702560E}.Release|Any CPU.ActiveCfg = Release|Any CPU
		{3EE2CBD8-3896-450A-97F2-7D1E7702560E}.Release|Any CPU.Build.0 = Release|Any CPU
		{58A1C366-4E1F-43B4-A2ED-346AEFFB0246}.Debug|Any CPU.ActiveCfg = Debug|Any CPU
		{58A1C366-4E1F-43B4-A2ED-346AEFFB0246}.Debug|Any CPU.Build.0 = Debug|Any CPU
		{58A1C366-4E1F-43B4-A2ED-346AEFFB0246}.Release|Any CPU.ActiveCfg = Release|Any CPU
		{58A1C366-4E1F-43B4-A2ED-346AEFFB0246}.Release|Any CPU.Build.0 = Release|Any CPU
	EndGlobalSection
	GlobalSection(SolutionProperties) = preSolution
		HideSolutionNode = FALSE
	EndGlobalSection
	GlobalSection(ExtensibilityGlobals) = postSolution
		SolutionGuid = {F258CA7F-9712-4784-A8F9-42DCDA8885D4}
	EndGlobalSection
EndGlobal
